
Microsoft Visual Studio Solution File, Format Version 12.00
# Visual Studio Version 16
VisualStudioVersion = 16.0.31729.503
MinimumVisualStudioVersion = 10.0.40219.1
Project("{FAE04EC0-301F-11D3-BF4B-00C04F79EFBC}") = "MyTodo.Api", "MyTodo.Api\MyTodo.Api.csproj", "{36740F76-3BF5-46E0-9C30-68CF689FEE51}"
EndProject
Global
	GlobalSection(SolutionConfigurationPlatforms) = preSolution
		Debug|Any CPU = Debug|Any CPU
		Release|Any CPU = Release|Any CPU
	EndGlobalSection
	GlobalSection(ProjectConfigurationPlatforms) = postSolution
		{36740F76-3BF5-46E0-9C30-68CF689FEE51}.Debug|Any CPU.ActiveCfg = Debug|Any CPU
		{36740F76-3BF5-46E0-9C30-68CF689FEE51}.Debug|Any CPU.Build.0 = Debug|Any CPU
		{36740F76-3BF5-46E0-9C30-68CF689FEE51}.Release|Any CPU.ActiveCfg = Release|Any CPU
		{36740F76-3BF5-46E0-9C30-68CF689FEE51}.Release|Any CPU.Build.0 = Release|Any CPU
	EndGlobalSection
	GlobalSection(SolutionProperties) = preSolution
		HideSolutionNode = FALSE
	EndGlobalSection
	GlobalSection(ExtensibilityGlobals) = postSolution
		SolutionGuid = {74A9A60F-669E-4150-AB2E-0D5132A44DAA}
	EndGlobalSection
EndGlobal
